// !$*UTF8*$!
{
	archiveVersion = 1;
	classes = {
	};
	objectVersion = 51;
	objects = {

/* Begin PBXBuildFile section */
		07F694FB476F8FAAF1B6AFEF /* Pods_BTCUSDOrderBook.framework in Frameworks */ = {isa = PBXBuildFile; fileRef = 9E79C6B5827520A9EB9C41CE /* Pods_BTCUSDOrderBook.framework */; };
		AD7E203285A0B8C3EEE3E080 /* Pods_BTCUSDOrderBookTests.framework in Frameworks */ = {isa = PBXBuildFile; fileRef = 80B48C934466146CF615042C /* Pods_BTCUSDOrderBookTests.framework */; };
		DC33FAF1231131CC00D07F12 /* AppDelegate.swift in Sources */ = {isa = PBXBuildFile; fileRef = DC33FAF0231131CC00D07F12 /* AppDelegate.swift */; };
		DC33FAF8231131CD00D07F12 /* Assets.xcassets in Resources */ = {isa = PBXBuildFile; fileRef = DC33FAF7231131CD00D07F12 /* Assets.xcassets */; };
		DC33FAFB231131CD00D07F12 /* LaunchScreen.storyboard in Resources */ = {isa = PBXBuildFile; fileRef = DC33FAF9231131CD00D07F12 /* LaunchScreen.storyboard */; };
		DC33FB06231131CD00D07F12 /* BTCUSDOrderBookTests.swift in Sources */ = {isa = PBXBuildFile; fileRef = DC33FB05231131CD00D07F12 /* BTCUSDOrderBookTests.swift */; };
		DC33FB1B231133F700D07F12 /* BaseWireframe.swift in Sources */ = {isa = PBXBuildFile; fileRef = DC33FB17231133F700D07F12 /* BaseWireframe.swift */; };
		DC33FB1C231133F700D07F12 /* PresenterInterface.swift in Sources */ = {isa = PBXBuildFile; fileRef = DC33FB18231133F700D07F12 /* PresenterInterface.swift */; };
		DC33FB1D231133F700D07F12 /* ViewInterface.swift in Sources */ = {isa = PBXBuildFile; fileRef = DC33FB19231133F700D07F12 /* ViewInterface.swift */; };
		DC33FB1E231133F700D07F12 /* InteractorInterface.swift in Sources */ = {isa = PBXBuildFile; fileRef = DC33FB1A231133F700D07F12 /* InteractorInterface.swift */; };
		DC33FB24231134BB00D07F12 /* HomeInterfaces.swift in Sources */ = {isa = PBXBuildFile; fileRef = DC33FB1F231134BB00D07F12 /* HomeInterfaces.swift */; };
		DC33FB25231134BB00D07F12 /* HomePresenter.swift in Sources */ = {isa = PBXBuildFile; fileRef = DC33FB20231134BB00D07F12 /* HomePresenter.swift */; };
		DC33FB26231134BB00D07F12 /* HomeViewController.swift in Sources */ = {isa = PBXBuildFile; fileRef = DC33FB21231134BB00D07F12 /* HomeViewController.swift */; };
		DC33FB27231134BB00D07F12 /* HomeInteractor.swift in Sources */ = {isa = PBXBuildFile; fileRef = DC33FB22231134BB00D07F12 /* HomeInteractor.swift */; };
		DC33FB28231134BB00D07F12 /* HomeWireframe.swift in Sources */ = {isa = PBXBuildFile; fileRef = DC33FB23231134BB00D07F12 /* HomeWireframe.swift */; };
		DC33FB2B231135DB00D07F12 /* Initializable.swift in Sources */ = {isa = PBXBuildFile; fileRef = DC33FB2A231135DB00D07F12 /* Initializable.swift */; };
		DC33FB2D231135EA00D07F12 /* AppearanceInitializer.swift in Sources */ = {isa = PBXBuildFile; fileRef = DC33FB2C231135EA00D07F12 /* AppearanceInitializer.swift */; };
		DC33FB30231136EF00D07F12 /* UIColorExtensions.swift in Sources */ = {isa = PBXBuildFile; fileRef = DC33FB2F231136EF00D07F12 /* UIColorExtensions.swift */; };
		DC33FB352311387D00D07F12 /* StarscreamRxExtensions.swift in Sources */ = {isa = PBXBuildFile; fileRef = DC33FB342311387D00D07F12 /* StarscreamRxExtensions.swift */; };
		DC33FB3823113BCE00D07F12 /* SocketService.swift in Sources */ = {isa = PBXBuildFile; fileRef = DC33FB3723113BCE00D07F12 /* SocketService.swift */; };
		DC33FB3E23113CAE00D07F12 /* OrderBookSnapshot.swift in Sources */ = {isa = PBXBuildFile; fileRef = DC33FB3D23113CAE00D07F12 /* OrderBookSnapshot.swift */; };
		DC33FB4023113CC900D07F12 /* OrderBook.swift in Sources */ = {isa = PBXBuildFile; fileRef = DC33FB3F23113CC900D07F12 /* OrderBook.swift */; };
		DC33FB4423113D0B00D07F12 /* OrderBookUpdate.swift in Sources */ = {isa = PBXBuildFile; fileRef = DC33FB4323113D0B00D07F12 /* OrderBookUpdate.swift */; };
		DC33FB4623113D3600D07F12 /* OrderBookSubscription.swift in Sources */ = {isa = PBXBuildFile; fileRef = DC33FB4523113D3600D07F12 /* OrderBookSubscription.swift */; };
		DC33FB4823113D5D00D07F12 /* OrderBookRequest.swift in Sources */ = {isa = PBXBuildFile; fileRef = DC33FB4723113D5D00D07F12 /* OrderBookRequest.swift */; };
		DC33FB4A23113D7900D07F12 /* TickerRequest.swift in Sources */ = {isa = PBXBuildFile; fileRef = DC33FB4923113D7900D07F12 /* TickerRequest.swift */; };
		DC33FB4C23113D9A00D07F12 /* Ticker.swift in Sources */ = {isa = PBXBuildFile; fileRef = DC33FB4B23113D9A00D07F12 /* Ticker.swift */; };
		DC33FB5323114F0800D07F12 /* DecodableExtensions.swift in Sources */ = {isa = PBXBuildFile; fileRef = DC33FB5223114F0800D07F12 /* DecodableExtensions.swift */; };
		DC33FB552311543700D07F12 /* EncodableExtensions.swift in Sources */ = {isa = PBXBuildFile; fileRef = DC33FB542311543700D07F12 /* EncodableExtensions.swift */; };
/* End PBXBuildFile section */

/* Begin PBXContainerItemProxy section */
		DC33FB02231131CD00D07F12 /* PBXContainerItemProxy */ = {
			isa = PBXContainerItemProxy;
			containerPortal = DC33FAE5231131CC00D07F12 /* Project object */;
			proxyType = 1;
			remoteGlobalIDString = DC33FAEC231131CC00D07F12;
			remoteInfo = BTCUSDOrderBook;
		};
/* End PBXContainerItemProxy section */

/* Begin PBXFileReference section */
		431061EB8086183EF394333A /* Pods-BTCUSDOrderBookTests.debug.xcconfig */ = {isa = PBXFileReference; includeInIndex = 1; lastKnownFileType = text.xcconfig; name = "Pods-BTCUSDOrderBookTests.debug.xcconfig"; path = "Target Support Files/Pods-BTCUSDOrderBookTests/Pods-BTCUSDOrderBookTests.debug.xcconfig"; sourceTree = "<group>"; };
		80B48C934466146CF615042C /* Pods_BTCUSDOrderBookTests.framework */ = {isa = PBXFileReference; explicitFileType = wrapper.framework; includeInIndex = 0; path = Pods_BTCUSDOrderBookTests.framework; sourceTree = BUILT_PRODUCTS_DIR; };
		919A7E8FF7FEAA203ED5E77E /* Pods-BTCUSDOrderBook.release.xcconfig */ = {isa = PBXFileReference; includeInIndex = 1; lastKnownFileType = text.xcconfig; name = "Pods-BTCUSDOrderBook.release.xcconfig"; path = "Target Support Files/Pods-BTCUSDOrderBook/Pods-BTCUSDOrderBook.release.xcconfig"; sourceTree = "<group>"; };
		9E79C6B5827520A9EB9C41CE /* Pods_BTCUSDOrderBook.framework */ = {isa = PBXFileReference; explicitFileType = wrapper.framework; includeInIndex = 0; path = Pods_BTCUSDOrderBook.framework; sourceTree = BUILT_PRODUCTS_DIR; };
		CBFA7537BBEA3DA27148F52B /* Pods-BTCUSDOrderBookTests.release.xcconfig */ = {isa = PBXFileReference; includeInIndex = 1; lastKnownFileType = text.xcconfig; name = "Pods-BTCUSDOrderBookTests.release.xcconfig"; path = "Target Support Files/Pods-BTCUSDOrderBookTests/Pods-BTCUSDOrderBookTests.release.xcconfig"; sourceTree = "<group>"; };
		CCA71E3B8182C6B39FA03C23 /* Pods-BTCUSDOrderBook.debug.xcconfig */ = {isa = PBXFileReference; includeInIndex = 1; lastKnownFileType = text.xcconfig; name = "Pods-BTCUSDOrderBook.debug.xcconfig"; path = "Target Support Files/Pods-BTCUSDOrderBook/Pods-BTCUSDOrderBook.debug.xcconfig"; sourceTree = "<group>"; };
		DC33FAED231131CC00D07F12 /* BTCUSDOrderBook.app */ = {isa = PBXFileReference; explicitFileType = wrapper.application; includeInIndex = 0; path = BTCUSDOrderBook.app; sourceTree = BUILT_PRODUCTS_DIR; };
		DC33FAF0231131CC00D07F12 /* AppDelegate.swift */ = {isa = PBXFileReference; lastKnownFileType = sourcecode.swift; path = AppDelegate.swift; sourceTree = "<group>"; };
		DC33FAF7231131CD00D07F12 /* Assets.xcassets */ = {isa = PBXFileReference; lastKnownFileType = folder.assetcatalog; path = Assets.xcassets; sourceTree = "<group>"; };
		DC33FAFA231131CD00D07F12 /* Base */ = {isa = PBXFileReference; lastKnownFileType = file.storyboard; name = Base; path = Base.lproj/LaunchScreen.storyboard; sourceTree = "<group>"; };
		DC33FAFC231131CD00D07F12 /* Info.plist */ = {isa = PBXFileReference; lastKnownFileType = text.plist.xml; path = Info.plist; sourceTree = "<group>"; };
		DC33FB01231131CD00D07F12 /* BTCUSDOrderBookTests.xctest */ = {isa = PBXFileReference; explicitFileType = wrapper.cfbundle; includeInIndex = 0; path = BTCUSDOrderBookTests.xctest; sourceTree = BUILT_PRODUCTS_DIR; };
		DC33FB05231131CD00D07F12 /* BTCUSDOrderBookTests.swift */ = {isa = PBXFileReference; lastKnownFileType = sourcecode.swift; path = BTCUSDOrderBookTests.swift; sourceTree = "<group>"; };
		DC33FB07231131CD00D07F12 /* Info.plist */ = {isa = PBXFileReference; lastKnownFileType = text.plist.xml; path = Info.plist; sourceTree = "<group>"; };
		DC33FB17231133F700D07F12 /* BaseWireframe.swift */ = {isa = PBXFileReference; fileEncoding = 4; lastKnownFileType = sourcecode.swift; path = BaseWireframe.swift; sourceTree = "<group>"; };
		DC33FB18231133F700D07F12 /* PresenterInterface.swift */ = {isa = PBXFileReference; fileEncoding = 4; lastKnownFileType = sourcecode.swift; path = PresenterInterface.swift; sourceTree = "<group>"; };
		DC33FB19231133F700D07F12 /* ViewInterface.swift */ = {isa = PBXFileReference; fileEncoding = 4; lastKnownFileType = sourcecode.swift; path = ViewInterface.swift; sourceTree = "<group>"; };
		DC33FB1A231133F700D07F12 /* InteractorInterface.swift */ = {isa = PBXFileReference; fileEncoding = 4; lastKnownFileType = sourcecode.swift; path = InteractorInterface.swift; sourceTree = "<group>"; };
		DC33FB1F231134BB00D07F12 /* HomeInterfaces.swift */ = {isa = PBXFileReference; lastKnownFileType = sourcecode.swift; path = HomeInterfaces.swift; sourceTree = "<group>"; };
		DC33FB20231134BB00D07F12 /* HomePresenter.swift */ = {isa = PBXFileReference; lastKnownFileType = sourcecode.swift; path = HomePresenter.swift; sourceTree = "<group>"; };
		DC33FB21231134BB00D07F12 /* HomeViewController.swift */ = {isa = PBXFileReference; lastKnownFileType = sourcecode.swift; path = HomeViewController.swift; sourceTree = "<group>"; };
		DC33FB22231134BB00D07F12 /* HomeInteractor.swift */ = {isa = PBXFileReference; lastKnownFileType = sourcecode.swift; path = HomeInteractor.swift; sourceTree = "<group>"; };
		DC33FB23231134BB00D07F12 /* HomeWireframe.swift */ = {isa = PBXFileReference; lastKnownFileType = sourcecode.swift; path = HomeWireframe.swift; sourceTree = "<group>"; };
		DC33FB2A231135DB00D07F12 /* Initializable.swift */ = {isa = PBXFileReference; lastKnownFileType = sourcecode.swift; path = Initializable.swift; sourceTree = "<group>"; };
		DC33FB2C231135EA00D07F12 /* AppearanceInitializer.swift */ = {isa = PBXFileReference; lastKnownFileType = sourcecode.swift; path = AppearanceInitializer.swift; sourceTree = "<group>"; };
		DC33FB2F231136EF00D07F12 /* UIColorExtensions.swift */ = {isa = PBXFileReference; lastKnownFileType = sourcecode.swift; path = UIColorExtensions.swift; sourceTree = "<group>"; };
		DC33FB342311387D00D07F12 /* StarscreamRxExtensions.swift */ = {isa = PBXFileReference; lastKnownFileType = sourcecode.swift; path = StarscreamRxExtensions.swift; sourceTree = "<group>"; };
		DC33FB3723113BCE00D07F12 /* SocketService.swift */ = {isa = PBXFileReference; lastKnownFileType = sourcecode.swift; path = SocketService.swift; sourceTree = "<group>"; };
		DC33FB3D23113CAE00D07F12 /* OrderBookSnapshot.swift */ = {isa = PBXFileReference; lastKnownFileType = sourcecode.swift; path = OrderBookSnapshot.swift; sourceTree = "<group>"; };
		DC33FB3F23113CC900D07F12 /* OrderBook.swift */ = {isa = PBXFileReference; lastKnownFileType = sourcecode.swift; path = OrderBook.swift; sourceTree = "<group>"; };
		DC33FB4323113D0B00D07F12 /* OrderBookUpdate.swift */ = {isa = PBXFileReference; lastKnownFileType = sourcecode.swift; path = OrderBookUpdate.swift; sourceTree = "<group>"; };
		DC33FB4523113D3600D07F12 /* OrderBookSubscription.swift */ = {isa = PBXFileReference; lastKnownFileType = sourcecode.swift; path = OrderBookSubscription.swift; sourceTree = "<group>"; };
		DC33FB4723113D5D00D07F12 /* OrderBookRequest.swift */ = {isa = PBXFileReference; lastKnownFileType = sourcecode.swift; path = OrderBookRequest.swift; sourceTree = "<group>"; };
		DC33FB4923113D7900D07F12 /* TickerRequest.swift */ = {isa = PBXFileReference; lastKnownFileType = sourcecode.swift; path = TickerRequest.swift; sourceTree = "<group>"; };
		DC33FB4B23113D9A00D07F12 /* Ticker.swift */ = {isa = PBXFileReference; lastKnownFileType = sourcecode.swift; path = Ticker.swift; sourceTree = "<group>"; };
		DC33FB5223114F0800D07F12 /* DecodableExtensions.swift */ = {isa = PBXFileReference; lastKnownFileType = sourcecode.swift; path = DecodableExtensions.swift; sourceTree = "<group>"; };
		DC33FB542311543700D07F12 /* EncodableExtensions.swift */ = {isa = PBXFileReference; fileEncoding = 4; lastKnownFileType = sourcecode.swift; path = EncodableExtensions.swift; sourceTree = "<group>"; };
/* End PBXFileReference section */

/* Begin PBXFrameworksBuildPhase section */
		DC33FAEA231131CC00D07F12 /* Frameworks */ = {
			isa = PBXFrameworksBuildPhase;
			buildActionMask = 2147483647;
			files = (
				07F694FB476F8FAAF1B6AFEF /* Pods_BTCUSDOrderBook.framework in Frameworks */,
			);
			runOnlyForDeploymentPostprocessing = 0;
		};
		DC33FAFE231131CD00D07F12 /* Frameworks */ = {
			isa = PBXFrameworksBuildPhase;
			buildActionMask = 2147483647;
			files = (
				AD7E203285A0B8C3EEE3E080 /* Pods_BTCUSDOrderBookTests.framework in Frameworks */,
			);
			runOnlyForDeploymentPostprocessing = 0;
		};
/* End PBXFrameworksBuildPhase section */

/* Begin PBXGroup section */
		5681F88DFF86502056401F67 /* Frameworks */ = {
			isa = PBXGroup;
			children = (
				9E79C6B5827520A9EB9C41CE /* Pods_BTCUSDOrderBook.framework */,
				80B48C934466146CF615042C /* Pods_BTCUSDOrderBookTests.framework */,
			);
			name = Frameworks;
			sourceTree = "<group>";
		};
		C0C9B311E8CDCBC9AC7C1005 /* Pods */ = {
			isa = PBXGroup;
			children = (
				CCA71E3B8182C6B39FA03C23 /* Pods-BTCUSDOrderBook.debug.xcconfig */,
				919A7E8FF7FEAA203ED5E77E /* Pods-BTCUSDOrderBook.release.xcconfig */,
				431061EB8086183EF394333A /* Pods-BTCUSDOrderBookTests.debug.xcconfig */,
				CBFA7537BBEA3DA27148F52B /* Pods-BTCUSDOrderBookTests.release.xcconfig */,
			);
			path = Pods;
			sourceTree = "<group>";
		};
		DC33FAE4231131CC00D07F12 = {
			isa = PBXGroup;
			children = (
				DC33FAEF231131CC00D07F12 /* BTCUSDOrderBook */,
				DC33FB04231131CD00D07F12 /* BTCUSDOrderBookTests */,
				DC33FAEE231131CC00D07F12 /* Products */,
				C0C9B311E8CDCBC9AC7C1005 /* Pods */,
				5681F88DFF86502056401F67 /* Frameworks */,
			);
			sourceTree = "<group>";
		};
		DC33FAEE231131CC00D07F12 /* Products */ = {
			isa = PBXGroup;
			children = (
				DC33FAED231131CC00D07F12 /* BTCUSDOrderBook.app */,
				DC33FB01231131CD00D07F12 /* BTCUSDOrderBookTests.xctest */,
			);
			name = Products;
			sourceTree = "<group>";
		};
		DC33FAEF231131CC00D07F12 /* BTCUSDOrderBook */ = {
			isa = PBXGroup;
			children = (
				DC33FB102311334200D07F12 /* App */,
				DC33FAF0231131CC00D07F12 /* AppDelegate.swift */,
				DC33FB112311337300D07F12 /* Modules */,
				DC33FB13231133D400D07F12 /* Common */,
				DC33FAF7231131CD00D07F12 /* Assets.xcassets */,
				DC33FAF9231131CD00D07F12 /* LaunchScreen.storyboard */,
				DC33FAFC231131CD00D07F12 /* Info.plist */,
			);
			path = BTCUSDOrderBook;
			sourceTree = "<group>";
		};
		DC33FB04231131CD00D07F12 /* BTCUSDOrderBookTests */ = {
			isa = PBXGroup;
			children = (
				DC33FB05231131CD00D07F12 /* BTCUSDOrderBookTests.swift */,
				DC33FB07231131CD00D07F12 /* Info.plist */,
			);
			path = BTCUSDOrderBookTests;
			sourceTree = "<group>";
		};
		DC33FB102311334200D07F12 /* App */ = {
			isa = PBXGroup;
			children = (
			);
			path = App;
			sourceTree = "<group>";
		};
		DC33FB112311337300D07F12 /* Modules */ = {
			isa = PBXGroup;
			children = (
				DC33FB122311337900D07F12 /* Home */,
			);
			path = Modules;
			sourceTree = "<group>";
		};
		DC33FB122311337900D07F12 /* Home */ = {
			isa = PBXGroup;
			children = (
				DC33FB1F231134BB00D07F12 /* HomeInterfaces.swift */,
				DC33FB20231134BB00D07F12 /* HomePresenter.swift */,
				DC33FB21231134BB00D07F12 /* HomeViewController.swift */,
				DC33FB22231134BB00D07F12 /* HomeInteractor.swift */,
				DC33FB23231134BB00D07F12 /* HomeWireframe.swift */,
			);
			path = Home;
			sourceTree = "<group>";
		};
		DC33FB13231133D400D07F12 /* Common */ = {
			isa = PBXGroup;
			children = (
				DC33FB2E231136E400D07F12 /* Extensions */,
				DC33FB29231135C400D07F12 /* Initializers */,
				DC33FB3923113BE500D07F12 /* Models */,
				DC33FB312311383F00D07F12 /* Services */,
				DC33FB16231133F700D07F12 /* VIPER */,
			);
			path = Common;
			sourceTree = "<group>";
		};
		DC33FB16231133F700D07F12 /* VIPER */ = {
			isa = PBXGroup;
			children = (
				DC33FB17231133F700D07F12 /* BaseWireframe.swift */,
				DC33FB18231133F700D07F12 /* PresenterInterface.swift */,
				DC33FB19231133F700D07F12 /* ViewInterface.swift */,
				DC33FB1A231133F700D07F12 /* InteractorInterface.swift */,
			);
			path = VIPER;
			sourceTree = "<group>";
		};
		DC33FB29231135C400D07F12 /* Initializers */ = {
			isa = PBXGroup;
			children = (
				DC33FB2A231135DB00D07F12 /* Initializable.swift */,
				DC33FB2C231135EA00D07F12 /* AppearanceInitializer.swift */,
			);
			path = Initializers;
			sourceTree = "<group>";
		};
		DC33FB2E231136E400D07F12 /* Extensions */ = {
			isa = PBXGroup;
			children = (
				DC33FB4D23114BB800D07F12 /* Foundation */,
				DC33FB332311386100D07F12 /* RxSwift */,
				DC33FB322311385900D07F12 /* UIKit */,
			);
			path = Extensions;
			sourceTree = "<group>";
		};
		DC33FB312311383F00D07F12 /* Services */ = {
			isa = PBXGroup;
			children = (
				DC33FB3623113B3A00D07F12 /* Networking */,
			);
			path = Services;
			sourceTree = "<group>";
		};
		DC33FB322311385900D07F12 /* UIKit */ = {
			isa = PBXGroup;
			children = (
				DC33FB2F231136EF00D07F12 /* UIColorExtensions.swift */,
			);
			path = UIKit;
			sourceTree = "<group>";
		};
		DC33FB332311386100D07F12 /* RxSwift */ = {
			isa = PBXGroup;
			children = (
				DC33FB342311387D00D07F12 /* StarscreamRxExtensions.swift */,
			);
			path = RxSwift;
			sourceTree = "<group>";
		};
		DC33FB3623113B3A00D07F12 /* Networking */ = {
			isa = PBXGroup;
			children = (
				DC33FB3723113BCE00D07F12 /* SocketService.swift */,
			);
			path = Networking;
			sourceTree = "<group>";
		};
		DC33FB3923113BE500D07F12 /* Models */ = {
			isa = PBXGroup;
			children = (
				DC33FB3C23113C1B00D07F12 /* Network */,
			);
			path = Models;
			sourceTree = "<group>";
		};
		DC33FB3C23113C1B00D07F12 /* Network */ = {
			isa = PBXGroup;
			children = (
				DC33FB4223113CF400D07F12 /* Requests */,
				DC33FB4123113CED00D07F12 /* Responses */,
			);
			path = Network;
			sourceTree = "<group>";
		};
		DC33FB4123113CED00D07F12 /* Responses */ = {
			isa = PBXGroup;
			children = (
				DC33FB3D23113CAE00D07F12 /* OrderBookSnapshot.swift */,
				DC33FB4323113D0B00D07F12 /* OrderBookUpdate.swift */,
				DC33FB3F23113CC900D07F12 /* OrderBook.swift */,
				DC33FB4523113D3600D07F12 /* OrderBookSubscription.swift */,
				DC33FB4B23113D9A00D07F12 /* Ticker.swift */,
			);
			path = Responses;
			sourceTree = "<group>";
		};
		DC33FB4223113CF400D07F12 /* Requests */ = {
			isa = PBXGroup;
			children = (
				DC33FB4723113D5D00D07F12 /* OrderBookRequest.swift */,
				DC33FB4923113D7900D07F12 /* TickerRequest.swift */,
			);
			path = Requests;
			sourceTree = "<group>";
		};
		DC33FB4D23114BB800D07F12 /* Foundation */ = {
			isa = PBXGroup;
			children = (
				DC33FB542311543700D07F12 /* EncodableExtensions.swift */,
				DC33FB5223114F0800D07F12 /* DecodableExtensions.swift */,
			);
			path = Foundation;
			sourceTree = "<group>";
		};
/* End PBXGroup section */

/* Begin PBXNativeTarget section */
		DC33FAEC231131CC00D07F12 /* BTCUSDOrderBook */ = {
			isa = PBXNativeTarget;
			buildConfigurationList = DC33FB0A231131CD00D07F12 /* Build configuration list for PBXNativeTarget "BTCUSDOrderBook" */;
			buildPhases = (
				B940B2536CDAD44FFFD8F481 /* [CP] Check Pods Manifest.lock */,
				DC33FAE9231131CC00D07F12 /* Sources */,
				DC33FAEA231131CC00D07F12 /* Frameworks */,
				DC33FAEB231131CC00D07F12 /* Resources */,
				64E6924207F4DE5A70103B01 /* [CP] Embed Pods Frameworks */,
			);
			buildRules = (
			);
			dependencies = (
			);
			name = BTCUSDOrderBook;
			productName = BTCUSDOrderBook;
			productReference = DC33FAED231131CC00D07F12 /* BTCUSDOrderBook.app */;
			productType = "com.apple.product-type.application";
		};
		DC33FB00231131CD00D07F12 /* BTCUSDOrderBookTests */ = {
			isa = PBXNativeTarget;
			buildConfigurationList = DC33FB0D231131CD00D07F12 /* Build configuration list for PBXNativeTarget "BTCUSDOrderBookTests" */;
			buildPhases = (
				2AC7CEB6779E3EC819920E82 /* [CP] Check Pods Manifest.lock */,
				DC33FAFD231131CD00D07F12 /* Sources */,
				DC33FAFE231131CD00D07F12 /* Frameworks */,
				DC33FAFF231131CD00D07F12 /* Resources */,
				3B4025D38FB8C12FDDC7C0A4 /* [CP] Embed Pods Frameworks */,
			);
			buildRules = (
			);
			dependencies = (
				DC33FB03231131CD00D07F12 /* PBXTargetDependency */,
			);
			name = BTCUSDOrderBookTests;
			productName = BTCUSDOrderBookTests;
			productReference = DC33FB01231131CD00D07F12 /* BTCUSDOrderBookTests.xctest */;
			productType = "com.apple.product-type.bundle.unit-test";
		};
/* End PBXNativeTarget section */

/* Begin PBXProject section */
		DC33FAE5231131CC00D07F12 /* Project object */ = {
			isa = PBXProject;
			attributes = {
				LastSwiftUpdateCheck = 1030;
				LastUpgradeCheck = 1030;
				ORGANIZATIONNAME = "Caffeinated Code";
				TargetAttributes = {
					DC33FAEC231131CC00D07F12 = {
						CreatedOnToolsVersion = 10.3;
					};
					DC33FB00231131CD00D07F12 = {
						CreatedOnToolsVersion = 10.3;
						TestTargetID = DC33FAEC231131CC00D07F12;
					};
				};
			};
			buildConfigurationList = DC33FAE8231131CC00D07F12 /* Build configuration list for PBXProject "BTCUSDOrderBook" */;
			compatibilityVersion = "Xcode 9.3";
			developmentRegion = en;
			hasScannedForEncodings = 0;
			knownRegions = (
				en,
				Base,
			);
			mainGroup = DC33FAE4231131CC00D07F12;
			productRefGroup = DC33FAEE231131CC00D07F12 /* Products */;
			projectDirPath = "";
			projectRoot = "";
			targets = (
				DC33FAEC231131CC00D07F12 /* BTCUSDOrderBook */,
				DC33FB00231131CD00D07F12 /* BTCUSDOrderBookTests */,
			);
		};
/* End PBXProject section */

/* Begin PBXResourcesBuildPhase section */
		DC33FAEB231131CC00D07F12 /* Resources */ = {
			isa = PBXResourcesBuildPhase;
			buildActionMask = 2147483647;
			files = (
				DC33FAFB231131CD00D07F12 /* LaunchScreen.storyboard in Resources */,
				DC33FAF8231131CD00D07F12 /* Assets.xcassets in Resources */,
			);
			runOnlyForDeploymentPostprocessing = 0;
		};
		DC33FAFF231131CD00D07F12 /* Resources */ = {
			isa = PBXResourcesBuildPhase;
			buildActionMask = 2147483647;
			files = (
			);
			runOnlyForDeploymentPostprocessing = 0;
		};
/* End PBXResourcesBuildPhase section */

/* Begin PBXShellScriptBuildPhase section */
		2AC7CEB6779E3EC819920E82 /* [CP] Check Pods Manifest.lock */ = {
			isa = PBXShellScriptBuildPhase;
			buildActionMask = 2147483647;
			files = (
			);
			inputFileListPaths = (
			);
			inputPaths = (
				"${PODS_PODFILE_DIR_PATH}/Podfile.lock",
				"${PODS_ROOT}/Manifest.lock",
			);
			name = "[CP] Check Pods Manifest.lock";
			outputFileListPaths = (
			);
			outputPaths = (
				"$(DERIVED_FILE_DIR)/Pods-BTCUSDOrderBookTests-checkManifestLockResult.txt",
			);
			runOnlyForDeploymentPostprocessing = 0;
			shellPath = /bin/sh;
			shellScript = "diff \"${PODS_PODFILE_DIR_PATH}/Podfile.lock\" \"${PODS_ROOT}/Manifest.lock\" > /dev/null\nif [ $? != 0 ] ; then\n    # print error to STDERR\n    echo \"error: The sandbox is not in sync with the Podfile.lock. Run 'pod install' or update your CocoaPods installation.\" >&2\n    exit 1\nfi\n# This output is used by Xcode 'outputs' to avoid re-running this script phase.\necho \"SUCCESS\" > \"${SCRIPT_OUTPUT_FILE_0}\"\n";
			showEnvVarsInLog = 0;
		};
		3B4025D38FB8C12FDDC7C0A4 /* [CP] Embed Pods Frameworks */ = {
			isa = PBXShellScriptBuildPhase;
			buildActionMask = 2147483647;
			files = (
			);
			inputFileListPaths = (
				"${PODS_ROOT}/Target Support Files/Pods-BTCUSDOrderBookTests/Pods-BTCUSDOrderBookTests-frameworks-${CONFIGURATION}-input-files.xcfilelist",
			);
			name = "[CP] Embed Pods Frameworks";
			outputFileListPaths = (
				"${PODS_ROOT}/Target Support Files/Pods-BTCUSDOrderBookTests/Pods-BTCUSDOrderBookTests-frameworks-${CONFIGURATION}-output-files.xcfilelist",
			);
			runOnlyForDeploymentPostprocessing = 0;
			shellPath = /bin/sh;
			shellScript = "\"${PODS_ROOT}/Target Support Files/Pods-BTCUSDOrderBookTests/Pods-BTCUSDOrderBookTests-frameworks.sh\"\n";
			showEnvVarsInLog = 0;
		};
		64E6924207F4DE5A70103B01 /* [CP] Embed Pods Frameworks */ = {
			isa = PBXShellScriptBuildPhase;
			buildActionMask = 2147483647;
			files = (
			);
			inputFileListPaths = (
				"${PODS_ROOT}/Target Support Files/Pods-BTCUSDOrderBook/Pods-BTCUSDOrderBook-frameworks-${CONFIGURATION}-input-files.xcfilelist",
			);
			name = "[CP] Embed Pods Frameworks";
			outputFileListPaths = (
				"${PODS_ROOT}/Target Support Files/Pods-BTCUSDOrderBook/Pods-BTCUSDOrderBook-frameworks-${CONFIGURATION}-output-files.xcfilelist",
			);
			runOnlyForDeploymentPostprocessing = 0;
			shellPath = /bin/sh;
			shellScript = "\"${PODS_ROOT}/Target Support Files/Pods-BTCUSDOrderBook/Pods-BTCUSDOrderBook-frameworks.sh\"\n";
			showEnvVarsInLog = 0;
		};
		B940B2536CDAD44FFFD8F481 /* [CP] Check Pods Manifest.lock */ = {
			isa = PBXShellScriptBuildPhase;
			buildActionMask = 2147483647;
			files = (
			);
			inputFileListPaths = (
			);
			inputPaths = (
				"${PODS_PODFILE_DIR_PATH}/Podfile.lock",
				"${PODS_ROOT}/Manifest.lock",
			);
			name = "[CP] Check Pods Manifest.lock";
			outputFileListPaths = (
			);
			outputPaths = (
				"$(DERIVED_FILE_DIR)/Pods-BTCUSDOrderBook-checkManifestLockResult.txt",
			);
			runOnlyForDeploymentPostprocessing = 0;
			shellPath = /bin/sh;
			shellScript = "diff \"${PODS_PODFILE_DIR_PATH}/Podfile.lock\" \"${PODS_ROOT}/Manifest.lock\" > /dev/null\nif [ $? != 0 ] ; then\n    # print error to STDERR\n    echo \"error: The sandbox is not in sync with the Podfile.lock. Run 'pod install' or update your CocoaPods installation.\" >&2\n    exit 1\nfi\n# This output is used by Xcode 'outputs' to avoid re-running this script phase.\necho \"SUCCESS\" > \"${SCRIPT_OUTPUT_FILE_0}\"\n";
			showEnvVarsInLog = 0;
		};
/* End PBXShellScriptBuildPhase section */

/* Begin PBXSourcesBuildPhase section */
		DC33FAE9231131CC00D07F12 /* Sources */ = {
			isa = PBXSourcesBuildPhase;
			buildActionMask = 2147483647;
			files = (
				DC33FB4C23113D9A00D07F12 /* Ticker.swift in Sources */,
				DC33FB552311543700D07F12 /* EncodableExtensions.swift in Sources */,
				DC33FB25231134BB00D07F12 /* HomePresenter.swift in Sources */,
				DC33FB4823113D5D00D07F12 /* OrderBookRequest.swift in Sources */,
				DC33FB4023113CC900D07F12 /* OrderBook.swift in Sources */,
				DC33FB4A23113D7900D07F12 /* TickerRequest.swift in Sources */,
				DC33FB24231134BB00D07F12 /* HomeInterfaces.swift in Sources */,
				DC33FB30231136EF00D07F12 /* UIColorExtensions.swift in Sources */,
				DC33FAF1231131CC00D07F12 /* AppDelegate.swift in Sources */,
				DC33FB28231134BB00D07F12 /* HomeWireframe.swift in Sources */,
				DC33FB26231134BB00D07F12 /* HomeViewController.swift in Sources */,
				DC33FB1E231133F700D07F12 /* InteractorInterface.swift in Sources */,
				DC33FB4623113D3600D07F12 /* OrderBookSubscription.swift in Sources */,
				DC33FB2D231135EA00D07F12 /* AppearanceInitializer.swift in Sources */,
				DC33FB352311387D00D07F12 /* StarscreamRxExtensions.swift in Sources */,
				DC33FB3E23113CAE00D07F12 /* OrderBookSnapshot.swift in Sources */,
				DC33FB1B231133F700D07F12 /* BaseWireframe.swift in Sources */,
				DC33FB3823113BCE00D07F12 /* SocketService.swift in Sources */,
				DC33FB27231134BB00D07F12 /* HomeInteractor.swift in Sources */,
				DC33FB4423113D0B00D07F12 /* OrderBookUpdate.swift in Sources */,
				DC33FB1D231133F700D07F12 /* ViewInterface.swift in Sources */,
				DC33FB1C231133F700D07F12 /* PresenterInterface.swift in Sources */,
				DC33FB2B231135DB00D07F12 /* Initializable.swift in Sources */,
				DC33FB5323114F0800D07F12 /* DecodableExtensions.swift in Sources */,
			);
			runOnlyForDeploymentPostprocessing = 0;
		};
		DC33FAFD231131CD00D07F12 /* Sources */ = {
			isa = PBXSourcesBuildPhase;
			buildActionMask = 2147483647;
			files = (
				DC33FB06231131CD00D07F12 /* BTCUSDOrderBookTests.swift in Sources */,
			);
			runOnlyForDeploymentPostprocessing = 0;
		};
/* End PBXSourcesBuildPhase section */

/* Begin PBXTargetDependency section */
		DC33FB03231131CD00D07F12 /* PBXTargetDependency */ = {
			isa = PBXTargetDependency;
			target = DC33FAEC231131CC00D07F12 /* BTCUSDOrderBook */;
			targetProxy = DC33FB02231131CD00D07F12 /* PBXContainerItemProxy */;
		};
/* End PBXTargetDependency section */

/* Begin PBXVariantGroup section */
		DC33FAF9231131CD00D07F12 /* LaunchScreen.storyboard */ = {
			isa = PBXVariantGroup;
			children = (
				DC33FAFA231131CD00D07F12 /* Base */,
			);
			name = LaunchScreen.storyboard;
			sourceTree = "<group>";
		};
/* End PBXVariantGroup section */

/* Begin XCBuildConfiguration section */
		DC33FB08231131CD00D07F12 /* Debug */ = {
			isa = XCBuildConfiguration;
			buildSettings = {
				ALWAYS_SEARCH_USER_PATHS = NO;
				CLANG_ANALYZER_NONNULL = YES;
				CLANG_ANALYZER_NUMBER_OBJECT_CONVERSION = YES_AGGRESSIVE;
				CLANG_CXX_LANGUAGE_STANDARD = "gnu++14";
				CLANG_CXX_LIBRARY = "libc++";
				CLANG_ENABLE_MODULES = YES;
				CLANG_ENABLE_OBJC_ARC = YES;
				CLANG_ENABLE_OBJC_WEAK = YES;
				CLANG_WARN_BLOCK_CAPTURE_AUTORELEASING = YES;
				CLANG_WARN_BOOL_CONVERSION = YES;
				CLANG_WARN_COMMA = YES;
				CLANG_WARN_CONSTANT_CONVERSION = YES;
				CLANG_WARN_DEPRECATED_OBJC_IMPLEMENTATIONS = YES;
				CLANG_WARN_DIRECT_OBJC_ISA_USAGE = YES_ERROR;
				CLANG_WARN_DOCUMENTATION_COMMENTS = YES;
				CLANG_WARN_EMPTY_BODY = YES;
				CLANG_WARN_ENUM_CONVERSION = YES;
				CLANG_WARN_INFINITE_RECURSION = YES;
				CLANG_WARN_INT_CONVERSION = YES;
				CLANG_WARN_NON_LITERAL_NULL_CONVERSION = YES;
				CLANG_WARN_OBJC_IMPLICIT_RETAIN_SELF = YES;
				CLANG_WARN_OBJC_LITERAL_CONVERSION = YES;
				CLANG_WARN_OBJC_ROOT_CLASS = YES_ERROR;
				CLANG_WARN_RANGE_LOOP_ANALYSIS = YES;
				CLANG_WARN_STRICT_PROTOTYPES = YES;
				CLANG_WARN_SUSPICIOUS_MOVE = YES;
				CLANG_WARN_UNGUARDED_AVAILABILITY = YES_AGGRESSIVE;
				CLANG_WARN_UNREACHABLE_CODE = YES;
				CLANG_WARN__DUPLICATE_METHOD_MATCH = YES;
				CODE_SIGN_IDENTITY = "iPhone Developer";
				COPY_PHASE_STRIP = NO;
				DEBUG_INFORMATION_FORMAT = dwarf;
				ENABLE_STRICT_OBJC_MSGSEND = YES;
				ENABLE_TESTABILITY = YES;
				GCC_C_LANGUAGE_STANDARD = gnu11;
				GCC_DYNAMIC_NO_PIC = NO;
				GCC_NO_COMMON_BLOCKS = YES;
				GCC_OPTIMIZATION_LEVEL = 0;
				GCC_PREPROCESSOR_DEFINITIONS = (
					"DEBUG=1",
					"$(inherited)",
				);
				GCC_WARN_64_TO_32_BIT_CONVERSION = YES;
				GCC_WARN_ABOUT_RETURN_TYPE = YES_ERROR;
				GCC_WARN_UNDECLARED_SELECTOR = YES;
				GCC_WARN_UNINITIALIZED_AUTOS = YES_AGGRESSIVE;
				GCC_WARN_UNUSED_FUNCTION = YES;
				GCC_WARN_UNUSED_VARIABLE = YES;
				IPHONEOS_DEPLOYMENT_TARGET = 12.4;
				MTL_ENABLE_DEBUG_INFO = INCLUDE_SOURCE;
				MTL_FAST_MATH = YES;
				ONLY_ACTIVE_ARCH = YES;
				SDKROOT = iphoneos;
				SWIFT_ACTIVE_COMPILATION_CONDITIONS = DEBUG;
				SWIFT_OPTIMIZATION_LEVEL = "-Onone";
			};
			name = Debug;
		};
		DC33FB09231131CD00D07F12 /* Release */ = {
			isa = XCBuildConfiguration;
			buildSettings = {
				ALWAYS_SEARCH_USER_PATHS = NO;
				CLANG_ANALYZER_NONNULL = YES;
				CLANG_ANALYZER_NUMBER_OBJECT_CONVERSION = YES_AGGRESSIVE;
				CLANG_CXX_LANGUAGE_STANDARD = "gnu++14";
				CLANG_CXX_LIBRARY = "libc++";
				CLANG_ENABLE_MODULES = YES;
				CLANG_ENABLE_OBJC_ARC = YES;
				CLANG_ENABLE_OBJC_WEAK = YES;
				CLANG_WARN_BLOCK_CAPTURE_AUTORELEASING = YES;
				CLANG_WARN_BOOL_CONVERSION = YES;
				CLANG_WARN_COMMA = YES;
				CLANG_WARN_CONSTANT_CONVERSION = YES;
				CLANG_WARN_DEPRECATED_OBJC_IMPLEMENTATIONS = YES;
				CLANG_WARN_DIRECT_OBJC_ISA_USAGE = YES_ERROR;
				CLANG_WARN_DOCUMENTATION_COMMENTS = YES;
				CLANG_WARN_EMPTY_BODY = YES;
				CLANG_WARN_ENUM_CONVERSION = YES;
				CLANG_WARN_INFINITE_RECURSION = YES;
				CLANG_WARN_INT_CONVERSION = YES;
				CLANG_WARN_NON_LITERAL_NULL_CONVERSION = YES;
				CLANG_WARN_OBJC_IMPLICIT_RETAIN_SELF = YES;
				CLANG_WARN_OBJC_LITERAL_CONVERSION = YES;
				CLANG_WARN_OBJC_ROOT_CLASS = YES_ERROR;
				CLANG_WARN_RANGE_LOOP_ANALYSIS = YES;
				CLANG_WARN_STRICT_PROTOTYPES = YES;
				CLANG_WARN_SUSPICIOUS_MOVE = YES;
				CLANG_WARN_UNGUARDED_AVAILABILITY = YES_AGGRESSIVE;
				CLANG_WARN_UNREACHABLE_CODE = YES;
				CLANG_WARN__DUPLICATE_METHOD_MATCH = YES;
				CODE_SIGN_IDENTITY = "iPhone Developer";
				COPY_PHASE_STRIP = NO;
				DEBUG_INFORMATION_FORMAT = "dwarf-with-dsym";
				ENABLE_NS_ASSERTIONS = NO;
				ENABLE_STRICT_OBJC_MSGSEND = YES;
				GCC_C_LANGUAGE_STANDARD = gnu11;
				GCC_NO_COMMON_BLOCKS = YES;
				GCC_WARN_64_TO_32_BIT_CONVERSION = YES;
				GCC_WARN_ABOUT_RETURN_TYPE = YES_ERROR;
				GCC_WARN_UNDECLARED_SELECTOR = YES;
				GCC_WARN_UNINITIALIZED_AUTOS = YES_AGGRESSIVE;
				GCC_WARN_UNUSED_FUNCTION = YES;
				GCC_WARN_UNUSED_VARIABLE = YES;
				IPHONEOS_DEPLOYMENT_TARGET = 12.4;
				MTL_ENABLE_DEBUG_INFO = NO;
				MTL_FAST_MATH = YES;
				SDKROOT = iphoneos;
				SWIFT_COMPILATION_MODE = wholemodule;
				SWIFT_OPTIMIZATION_LEVEL = "-O";
				VALIDATE_PRODUCT = YES;
			};
			name = Release;
		};
		DC33FB0B231131CD00D07F12 /* Debug */ = {
			isa = XCBuildConfiguration;
			baseConfigurationReference = CCA71E3B8182C6B39FA03C23 /* Pods-BTCUSDOrderBook.debug.xcconfig */;
			buildSettings = {
				ALWAYS_EMBED_SWIFT_STANDARD_LIBRARIES = "$(inherited)";
				ASSETCATALOG_COMPILER_APPICON_NAME = AppIcon;
				CODE_SIGN_STYLE = Automatic;
				DEVELOPMENT_TEAM = 29ZNGBT83H;
				INFOPLIST_FILE = BTCUSDOrderBook/Info.plist;
				LD_RUNPATH_SEARCH_PATHS = (
					"$(inherited)",
					"@executable_path/Frameworks",
				);
				PRODUCT_BUNDLE_IDENTIFIER = CaffeinatedCode.BTCUSDOrderBook;
				PRODUCT_NAME = "$(TARGET_NAME)";
				SWIFT_VERSION = 5.0;
				TARGETED_DEVICE_FAMILY = "1,2";
			};
			name = Debug;
		};
		DC33FB0C231131CD00D07F12 /* Release */ = {
			isa = XCBuildConfiguration;
			baseConfigurationReference = 919A7E8FF7FEAA203ED5E77E /* Pods-BTCUSDOrderBook.release.xcconfig */;
			buildSettings = {
				ALWAYS_EMBED_SWIFT_STANDARD_LIBRARIES = "$(inherited)";
				ASSETCATALOG_COMPILER_APPICON_NAME = AppIcon;
				CODE_SIGN_STYLE = Automatic;
				DEVELOPMENT_TEAM = 29ZNGBT83H;
				INFOPLIST_FILE = BTCUSDOrderBook/Info.plist;
				LD_RUNPATH_SEARCH_PATHS = (
					"$(inherited)",
					"@executable_path/Frameworks",
				);
				PRODUCT_BUNDLE_IDENTIFIER = CaffeinatedCode.BTCUSDOrderBook;
				PRODUCT_NAME = "$(TARGET_NAME)";
				SWIFT_VERSION = 5.0;
				TARGETED_DEVICE_FAMILY = "1,2";
			};
			name = Release;
		};
		DC33FB0E231131CD00D07F12 /* Debug */ = {
			isa = XCBuildConfiguration;
			baseConfigurationReference = 431061EB8086183EF394333A /* Pods-BTCUSDOrderBookTests.debug.xcconfig */;
			buildSettings = {
				ALWAYS_EMBED_SWIFT_STANDARD_LIBRARIES = YES;
				BUNDLE_LOADER = "$(TEST_HOST)";
				CODE_SIGN_STYLE = Automatic;
				DEVELOPMENT_TEAM = 29ZNGBT83H;
				INFOPLIST_FILE = BTCUSDOrderBookTests/Info.plist;
				LD_RUNPATH_SEARCH_PATHS = (
					"$(inherited)",
					"@executable_path/Frameworks",
					"@loader_path/Frameworks",
				);
				PRODUCT_BUNDLE_IDENTIFIER = CaffeinatedCode.BTCUSDOrderBookTests;
				PRODUCT_NAME = "$(TARGET_NAME)";
				SWIFT_VERSION = 5.0;
				TARGETED_DEVICE_FAMILY = "1,2";
				TEST_HOST = "$(BUILT_PRODUCTS_DIR)/BTCUSDOrderBook.app/BTCUSDOrderBook";
			};
			name = Debug;
		};
		DC33FB0F231131CD00D07F12 /* Release */ = {
			isa = XCBuildConfiguration;
			baseConfigurationReference = CBFA7537BBEA3DA27148F52B /* Pods-BTCUSDOrderBookTests.release.xcconfig */;
			buildSettings = {
				ALWAYS_EMBED_SWIFT_STANDARD_LIBRARIES = YES;
				BUNDLE_LOADER = "$(TEST_HOST)";
				CODE_SIGN_STYLE = Automatic;
				DEVELOPMENT_TEAM = 29ZNGBT83H;
				INFOPLIST_FILE = BTCUSDOrderBookTests/Info.plist;
				LD_RUNPATH_SEARCH_PATHS = (
					"$(inherited)",
					"@executable_path/Frameworks",
					"@loader_path/Frameworks",
				);
				PRODUCT_BUNDLE_IDENTIFIER = CaffeinatedCode.BTCUSDOrderBookTests;
				PRODUCT_NAME = "$(TARGET_NAME)";
				SWIFT_VERSION = 5.0;
				TARGETED_DEVICE_FAMILY = "1,2";
				TEST_HOST = "$(BUILT_PRODUCTS_DIR)/BTCUSDOrderBook.app/BTCUSDOrderBook";
			};
			name = Release;
		};
/* End XCBuildConfiguration section */

/* Begin XCConfigurationList section */
		DC33FAE8231131CC00D07F12 /* Build configuration list for PBXProject "BTCUSDOrderBook" */ = {
			isa = XCConfigurationList;
			buildConfigurations = (
				DC33FB08231131CD00D07F12 /* Debug */,
				DC33FB09231131CD00D07F12 /* Release */,
			);
			defaultConfigurationIsVisible = 0;
			defaultConfigurationName = Release;
		};
		DC33FB0A231131CD00D07F12 /* Build configuration list for PBXNativeTarget "BTCUSDOrderBook" */ = {
			isa = XCConfigurationList;
			buildConfigurations = (
				DC33FB0B231131CD00D07F12 /* Debug */,
				DC33FB0C231131CD00D07F12 /* Release */,
			);
			defaultConfigurationIsVisible = 0;
			defaultConfigurationName = Release;
		};
		DC33FB0D231131CD00D07F12 /* Build configuration list for PBXNativeTarget "BTCUSDOrderBookTests" */ = {
			isa = XCConfigurationList;
			buildConfigurations = (
				DC33FB0E231131CD00D07F12 /* Debug */,
				DC33FB0F231131CD00D07F12 /* Release */,
			);
			defaultConfigurationIsVisible = 0;
			defaultConfigurationName = Release;
		};
/* End XCConfigurationList section */
	};
	rootObject = DC33FAE5231131CC00D07F12 /* Project object */;
}
